
Microsoft Visual Studio Solution File, Format Version 12.00
# Visual Studio Version 16
VisualStudioVersion = 16.0.30717.126
MinimumVisualStudioVersion = 10.0.40219.1
Project("{FAE04EC0-301F-11D3-BF4B-00C04F79EFBC}") = "EdgeBisecter", "EdgeBisecter\EdgeBisecter.csproj", "{9085010C-12E2-471C-9C63-8848E12FB93D}"
EndProject
Global
	GlobalSection(SolutionConfigurationPlatforms) = preSolution
		Debug|Any CPU = Debug|Any CPU
		Release|Any CPU = Release|Any CPU
	EndGlobalSection
	GlobalSection(ProjectConfigurationPlatforms) = postSolution
		{9085010C-12E2-471C-9C63-8848E12FB93D}.Debug|Any CPU.ActiveCfg = Debug|Any CPU
		{9085010C-12E2-471C-9C63-8848E12FB93D}.Debug|Any CPU.Build.0 = Debug|Any CPU
		{9085010C-12E2-471C-9C63-8848E12FB93D}.Release|Any CPU.ActiveCfg = Release|Any CPU
		{9085010C-12E2-471C-9C63-8848E12FB93D}.Release|Any CPU.Build.0 = Release|Any CPU
	EndGlobalSection
	GlobalSection(SolutionProperties) = preSolution
		HideSolutionNode = FALSE
	EndGlobalSection
	GlobalSection(ExtensibilityGlobals) = postSolution
		SolutionGuid = {4FEFDE94-F540-47EC-9BEC-0ADD5724A9D9}
	EndGlobalSection
EndGlobal
